# THIS IS AN AUTOGENERATED FILE. DO NOT EDIT THIS FILE DIRECTLY.
# yarn lockfile v1


intl-tel-input@^25.3.1:
  version "25.3.1"
  resolved "https://registry.yarnpkg.com/intl-tel-input/-/intl-tel-input-25.3.1.tgz#15d51d9ae22deede5648756d3b210fc46f908881"
  integrity sha512-0Xls8/hnvPv6EqfDJ+cz6h/MGvEYiHkerrQBHMmRuuBPZ0MedDyzRqqdSkhFXXGt9YTihmBhXwtWoeHjdouIKA==
